{
  "name": "checkUrlExists",
  "version": "1.0.0",
  "lockfileVersion": 2,
  "requires": true,
  "packages": {
    "": {
      "name": "checkUrlExists",
      "version": "1.0.0",
      "license": "MIT",
      "dependencies": {
        "basic-ftp": "^6.2.1",
        "follow-redirects": "^1.15.6"
      }
    },
    "node_modules/basic-ftp": {
      "version": "6.2.1",
      "resolved": "https://registry.npmjs.org/basic-ftp/-/basic-ftp-6.2.1.tgz",
      "integrity": "sha512-bK67isD+lKq46AU8vNtjvMaT2ZqAOAmNCbxUHlFBRD4k15NWxyEjmaKtZPlgce58So4BNTjITGQOVTjL9y0ECA==",
      "license": "MIT",
      "engines": {
        "node": ">=10.0.0"
      }
    },
    "node_modules/follow-redirects": {
      "version": "1.15.6",
      "resolved": "https://registry.npmjs.org/follow-redirects/-/follow-redirects-1.15.6.tgz",
      "integrity": "sha512-wWN62YITEaOpSK584EZXJafH1AGpO8RVgElfkuXbTOrPX4fIfOyEpW/CsiNd8JdYrAoOvafRTOEnvsO++qCqFA==",
      "funding": [
        {
          "type": "individual",
          "url": "https://github.com/sponsors/RubenVerborgh"
        }
      ],
      "engines": {
        "node": ">=4.0"
      },
      "peerDependenciesMeta": {
        "debug": {
          "optional": true
        }
      }
    }
  },
  "dependencies": {
    "basic-ftp": {
      "version": "6.2.1",
      "resolved": "https://registry.npmjs.org/basic-ftp/-/basic-ftp-6.2.1.tgz",
      "integrity": "sha512-bK67isD+lKq46AU8vNtjvMaT2ZqAOAmNCbxUHlFBRD4k15NWxyEjmaKtZPlgce58So4BNTjITGQOVTjL9y0ECA=="
    },
    "follow-redirects": {
      "version": "1.15.6",
      "resolved": "https://registry.npmjs.org/follow-redirects/-/follow-redirects-1.15.6.tgz",
      "integrity": "sha512-wWN62YITEaOpSK584EZXJafH1AGpO8RVgElfkuXbTOrPX4fIfOyEpW/CsiNd8JdYrAoOvafRTOEnvsO++qCqFA=="
    }
  }
}
